{
  "name": "trauben-ui",
  "version": "1.0.0",
  "lockfileVersion": 2,
  "requires": true,
  "packages": {
    "": {
      "name": "trauben-ui",
      "version": "1.0.0",
      "dependencies": {
        "svelte": "^3.42.6",
        "typed.js": "^2.0.12"
      }
    },
    "node_modules/svelte": {
      "version": "3.42.6",
      "resolved": "https://registry.npmjs.org/svelte/-/svelte-3.42.6.tgz",
      "integrity": "sha512-lAcryr9Do2PeGtbodspX5I4kWj4yWYAa2WGpDCwzNkP3y8WZTxigMd4/TMO1rBZEOkMYGn4ZXrbAlSEGhK6q3w==",
      "engines": {
        "node": ">= 8"
      }
    },
    "node_modules/typed.js": {
      "version": "2.0.12",
      "resolved": "https://registry.npmjs.org/typed.js/-/typed.js-2.0.12.tgz",
      "integrity": "sha512-lyACZh1cu+vpfYY3DG/bvsGLXXbdoDDpWxmqta10IQUdMXisMXOEyl+jos+YT9uBbzK4QaKYBjT3R0kTJO0Slw=="
    }
  },
  "dependencies": {
    "svelte": {
      "version": "3.42.6",
      "resolved": "https://registry.npmjs.org/svelte/-/svelte-3.42.6.tgz",
      "integrity": "sha512-lAcryr9Do2PeGtbodspX5I4kWj4yWYAa2WGpDCwzNkP3y8WZTxigMd4/TMO1rBZEOkMYGn4ZXrbAlSEGhK6q3w=="
    },
    "typed.js": {
      "version": "2.0.12",
      "resolved": "https://registry.npmjs.org/typed.js/-/typed.js-2.0.12.tgz",
      "integrity": "sha512-lyACZh1cu+vpfYY3DG/bvsGLXXbdoDDpWxmqta10IQUdMXisMXOEyl+jos+YT9uBbzK4QaKYBjT3R0kTJO0Slw=="
    }
  }
}
