{
  "name": "trauben-ui",
  "version": "1.0.0",
  "lockfileVersion": 2,
  "requires": true,
  "packages": {
    "": {
      "name": "trauben-ui",
      "version": "1.0.0",
      "dependencies": {
        "svelte": "^3.42.6"
      },
      "devDependencies": {
        "carbon-icons-svelte": "^10.38.0"
      }
    },
    "node_modules/carbon-icons-svelte": {
      "version": "10.38.0",
      "resolved": "https://registry.npmjs.org/carbon-icons-svelte/-/carbon-icons-svelte-10.38.0.tgz",
      "integrity": "sha512-uEckbbNHFtDzKz+QRx6GxvZcezXXqfDOiaE7mupkiRPkBbALrA9CPJZbI5Q2XW5mpn8lgN3IlTm2u1iJEAlVJw==",
      "dev": true
    },
    "node_modules/svelte": {
      "version": "3.42.6",
      "resolved": "https://registry.npmjs.org/svelte/-/svelte-3.42.6.tgz",
      "integrity": "sha512-lAcryr9Do2PeGtbodspX5I4kWj4yWYAa2WGpDCwzNkP3y8WZTxigMd4/TMO1rBZEOkMYGn4ZXrbAlSEGhK6q3w==",
      "engines": {
        "node": ">= 8"
      }
    }
  },
  "dependencies": {
    "carbon-icons-svelte": {
      "version": "10.38.0",
      "resolved": "https://registry.npmjs.org/carbon-icons-svelte/-/carbon-icons-svelte-10.38.0.tgz",
      "integrity": "sha512-uEckbbNHFtDzKz+QRx6GxvZcezXXqfDOiaE7mupkiRPkBbALrA9CPJZbI5Q2XW5mpn8lgN3IlTm2u1iJEAlVJw==",
      "dev": true
    },
    "svelte": {
      "version": "3.42.6",
      "resolved": "https://registry.npmjs.org/svelte/-/svelte-3.42.6.tgz",
      "integrity": "sha512-lAcryr9Do2PeGtbodspX5I4kWj4yWYAa2WGpDCwzNkP3y8WZTxigMd4/TMO1rBZEOkMYGn4ZXrbAlSEGhK6q3w=="
    }
  }
}
